
Microsoft Visual Studio Solution File, Format Version 12.00
# Visual Studio Version 17
VisualStudioVersion = 17.4.33205.214
MinimumVisualStudioVersion = 10.0.40219.1
Project("{FAE04EC0-301F-11D3-BF4B-00C04F79EFBC}") = "253503_Minich_Lab3", "253503_Minich_Lab3\253503_Minich_Lab3.csproj", "{4FF29B1F-53E6-4CC4-AE22-56A50C81F317}"
EndProject
Global
	GlobalSection(SolutionConfigurationPlatforms) = preSolution
		Debug|Any CPU = Debug|Any CPU
		Release|Any CPU = Release|Any CPU
	EndGlobalSection
	GlobalSection(ProjectConfigurationPlatforms) = postSolution
		{4FF29B1F-53E6-4CC4-AE22-56A50C81F317}.Debug|Any CPU.ActiveCfg = Debug|Any CPU
		{4FF29B1F-53E6-4CC4-AE22-56A50C81F317}.Debug|Any CPU.Build.0 = Debug|Any CPU
		{4FF29B1F-53E6-4CC4-AE22-56A50C81F317}.Release|Any CPU.ActiveCfg = Release|Any CPU
		{4FF29B1F-53E6-4CC4-AE22-56A50C81F317}.Release|Any CPU.Build.0 = Release|Any CPU
	EndGlobalSection
	GlobalSection(SolutionProperties) = preSolution
		HideSolutionNode = FALSE
	EndGlobalSection
	GlobalSection(ExtensibilityGlobals) = postSolution
		SolutionGuid = {CE921C36-C563-4AE2-B438-9B8142509E03}
	EndGlobalSection
EndGlobal
